<?xml version="1.0" encoding="utf-8"?>
<Project ToolsVersion="4.0" xmlns="http://schemas.microsoft.com/developer/msbuild/2003">
  <ItemGroup>
    <Filter Include="source">
      <UniqueIdentifier>{cc69ce9d-17d7-4dbc-a781-b0e53e9ca02b}</UniqueIdentifier>
    </Filter>
    <Filter Include="include">
      <UniqueIdentifier>{febb92f1-4373-4d06-9ace-bb414ebd9430}</UniqueIdentifier>
    </Filter>
    <Filter Include="kernel">
      <UniqueIdentifier>{9b23139b-d97d-4b8d-9087-c5369b902c7a}</UniqueIdentifier>
    </Filter>
    <Filter Include="include\cvtcolor">
      <UniqueIdentifier>{25b892bc-9ce8-47c4-b6d9-a95801545d4c}</UniqueIdentifier>
    </Filter>
    <Filter Include="source\cvtcolor">
      <UniqueIdentifier>{9689653d-784a-497e-a3c3-f99417130e81}</UniqueIdentifier>
    </Filter>
    <Filter Include="include\filter">
      <UniqueIdentifier>{5ff6f921-d4f5-429d-8dc5-3d33b8b563ba}</UniqueIdentifier>
    </Filter>
    <Filter Include="source\filter">
      <UniqueIdentifier>{813452d1-f4a8-48f6-a996-8bb9d29840b6}</UniqueIdentifier>
    </Filter>
    <Filter Include="include\histogram">
      <UniqueIdentifier>{aa054fb9-1a12-4744-bf35-843ebc1d90dc}</UniqueIdentifier>
    </Filter>
    <Filter Include="source\histogram">
      <UniqueIdentifier>{073c0294-659a-4e14-8fa4-551386fad973}</UniqueIdentifier>
    </Filter>
  </ItemGroup>
  <ItemGroup>
    <ClCompile Include="rgb2yuv.cpp">
      <Filter>source\cvtcolor</Filter>
    </ClCompile>
    <ClCompile Include="guassianfilter.cpp">
      <Filter>source\filter</Filter>
    </ClCompile>
    <ClCompile Include="rgb2gray.cpp">
      <Filter>source\cvtcolor</Filter>
    </ClCompile>
    <ClCompile Include="bilateralfilter.cpp">
      <Filter>source\filter</Filter>
    </ClCompile>
    <ClCompile Include="boxfilter.cpp">
      <Filter>source\filter</Filter>
    </ClCompile>
    <ClCompile Include="guidefilter.cpp">
      <Filter>source\filter</Filter>
    </ClCompile>
    <ClCompile Include="medianblur.cpp">
      <Filter>source\filter</Filter>
    </ClCompile>
    <ClCompile Include="histogram.cpp">
      <Filter>source\histogram</Filter>
    </ClCompile>
    <ClCompile Include="common_define_cpu.h">
      <Filter>include</Filter>
    </ClCompile>
    <ClCompile Include="common_define_cpu.cpp">
      <Filter>source</Filter>
    </ClCompile>
  </ItemGroup>
  <ItemGroup>
    <ClInclude Include="rgb2yuv.h">
      <Filter>include\cvtcolor</Filter>
    </ClInclude>
    <ClInclude Include="guassianfilter.h">
      <Filter>include\filter</Filter>
    </ClInclude>
    <ClInclude Include="common_extern_c.h">
      <Filter>include</Filter>
    </ClInclude>
    <ClInclude Include="rgb2gray.h">
      <Filter>include\cvtcolor</Filter>
    </ClInclude>
    <ClInclude Include="bilateralfilter.h">
      <Filter>include\filter</Filter>
    </ClInclude>
    <ClInclude Include="boxfilter.h">
      <Filter>include\filter</Filter>
    </ClInclude>
    <ClInclude Include="guidefilter.h">
      <Filter>include\filter</Filter>
    </ClInclude>
    <ClInclude Include="medianblur.h">
      <Filter>include\filter</Filter>
    </ClInclude>
    <ClInclude Include="histogram.h">
      <Filter>include\histogram</Filter>
    </ClInclude>
    <ClInclude Include="common_define_gpu.h">
      <Filter>kernel</Filter>
    </ClInclude>
  </ItemGroup>
  <ItemGroup>
    <CudaCompile Include="guassianfilter.cu">
      <Filter>kernel</Filter>
    </CudaCompile>
    <CudaCompile Include="bilateralfilter.cu">
      <Filter>kernel</Filter>
    </CudaCompile>
    <CudaCompile Include="boxfilter.cu">
      <Filter>kernel</Filter>
    </CudaCompile>
    <CudaCompile Include="histogram.cu">
      <Filter>kernel</Filter>
    </CudaCompile>
    <CudaCompile Include="medianblur.cu">
      <Filter>kernel</Filter>
    </CudaCompile>
    <CudaCompile Include="rgb2gray.cu">
      <Filter>kernel</Filter>
    </CudaCompile>
    <CudaCompile Include="common_define_gpu.cu">
      <Filter>kernel</Filter>
    </CudaCompile>
  </ItemGroup>
</Project>